<Solution>
  <Folder Name="/Deployment/" />
  <Folder Name="/Deployment/Docker/">
    <File Path="Deployment/Docker/docker-compose.yml" />
  </Folder>
  <Folder Name="/Deployment/Docker/Dockerfiles/">
    <File Path="Deployment/Docker/Dockerfiles/Portfolio.Web.Dockerfile" />
  </Folder>
  <Folder Name="/Source/" />
  <Folder Name="/Source/Api/">
    <Project Path="Source/Portfolio.Api.Contracts/Portfolio.Api.Contracts.csproj" Id="076b1432-a874-4777-82ed-a67de2628eeb" />
    <Project Path="Source/Portfolio.Api/Portfolio.Api.csproj" />
  </Folder>
  <Folder Name="/Source/Web/">
    <Project Path="Source/Portfolio.Web/Portfolio.Web.csproj" />
  </Folder>
</Solution>
